
Microsoft Visual Studio Solution File, Format Version 12.00
# Visual Studio Version 16
VisualStudioVersion = 16.0.28803.452
MinimumVisualStudioVersion = 10.0.40219.1
Project("{FAE04EC0-301F-11D3-BF4B-00C04F79EFBC}") = "RecordParser", "RecordParser\RecordParser.csproj", "{35DD5CE7-0D1F-4376-995C-69C74715E809}"
EndProject
Project("{FAE04EC0-301F-11D3-BF4B-00C04F79EFBC}") = "RESTfulAPI", "RESTfulAPI\RESTfulAPI.csproj", "{EC9F6B6F-B3D2-49ED-AA3E-49EB3FDAE3F9}"
EndProject
Project("{FAE04EC0-301F-11D3-BF4B-00C04F79EFBC}") = "RecordParserTests", "RecordParserTests\RecordParserTests.csproj", "{6254D218-33F3-4E26-87A2-FF893D981993}"
	ProjectSection(ProjectDependencies) = postProject
		{35DD5CE7-0D1F-4376-995C-69C74715E809} = {35DD5CE7-0D1F-4376-995C-69C74715E809}
	EndProjectSection
EndProject
Global
	GlobalSection(SolutionConfigurationPlatforms) = preSolution
		Debug|Any CPU = Debug|Any CPU
		Release|Any CPU = Release|Any CPU
	EndGlobalSection
	GlobalSection(ProjectConfigurationPlatforms) = postSolution
		{35DD5CE7-0D1F-4376-995C-69C74715E809}.Debug|Any CPU.ActiveCfg = Debug|Any CPU
		{35DD5CE7-0D1F-4376-995C-69C74715E809}.Debug|Any CPU.Build.0 = Debug|Any CPU
		{35DD5CE7-0D1F-4376-995C-69C74715E809}.Release|Any CPU.ActiveCfg = Release|Any CPU
		{35DD5CE7-0D1F-4376-995C-69C74715E809}.Release|Any CPU.Build.0 = Release|Any CPU
		{EC9F6B6F-B3D2-49ED-AA3E-49EB3FDAE3F9}.Debug|Any CPU.ActiveCfg = Debug|Any CPU
		{EC9F6B6F-B3D2-49ED-AA3E-49EB3FDAE3F9}.Debug|Any CPU.Build.0 = Debug|Any CPU
		{EC9F6B6F-B3D2-49ED-AA3E-49EB3FDAE3F9}.Release|Any CPU.ActiveCfg = Release|Any CPU
		{EC9F6B6F-B3D2-49ED-AA3E-49EB3FDAE3F9}.Release|Any CPU.Build.0 = Release|Any CPU
		{6254D218-33F3-4E26-87A2-FF893D981993}.Debug|Any CPU.ActiveCfg = Debug|Any CPU
		{6254D218-33F3-4E26-87A2-FF893D981993}.Debug|Any CPU.Build.0 = Debug|Any CPU
		{6254D218-33F3-4E26-87A2-FF893D981993}.Release|Any CPU.ActiveCfg = Release|Any CPU
		{6254D218-33F3-4E26-87A2-FF893D981993}.Release|Any CPU.Build.0 = Release|Any CPU
	EndGlobalSection
	GlobalSection(SolutionProperties) = preSolution
		HideSolutionNode = FALSE
	EndGlobalSection
	GlobalSection(ExtensibilityGlobals) = postSolution
		SolutionGuid = {2C574CB6-8156-4C20-AED9-AB7A7403E915}
	EndGlobalSection
EndGlobal
